
Microsoft Visual Studio Solution File, Format Version 10.00
# Visual Studio 2008
Project("{8BC9CEB8-8B4A-11D0-8D11-00A0C91BC942}") = "collision_mesh_gen", "collision_mesh_gen.vcproj", "{FB8E4E8A-E955-4E64-9259-1FD486A42146}"
EndProject
Global
	GlobalSection(SolutionConfigurationPlatforms) = preSolution
		Debug|Win32 = Debug|Win32
		Release|Win32 = Release|Win32
	EndGlobalSection
	GlobalSection(ProjectConfigurationPlatforms) = postSolution
		{FB8E4E8A-E955-4E64-9259-1FD486A42146}.Debug|Win32.ActiveCfg = Debug|Win32
		{FB8E4E8A-E955-4E64-9259-1FD486A42146}.Debug|Win32.Build.0 = Debug|Win32
		{FB8E4E8A-E955-4E64-9259-1FD486A42146}.Release|Win32.ActiveCfg = Release|Win32
		{FB8E4E8A-E955-4E64-9259-1FD486A42146}.Release|Win32.Build.0 = Release|Win32
	EndGlobalSection
	GlobalSection(SolutionProperties) = preSolution
		HideSolutionNode = FALSE
	EndGlobalSection
EndGlobal
